{
  "originHash" : "4309eb254dacfe6c48b1f929caecad2cd484a9b396e7ef885057c7d653182d19",
  "pins" : [
    {
      "identity" : "daydreamerdesignsystem",
      "kind" : "remoteSourceControl",
      "location" : "git@github.com:ClaudiusMa/DayDreamerDesignSystem.git",
      "state" : {
        "branch" : "main",
        "revision" : "8c8497e60940f882681aaac3eb3b653dc0cee485"
      }
    }
  ],
  "version" : 3
}
